schema: '2.0'
stages:
  prepare:
    cmd: python src/steps/prepare.py data/raw/ data/prepared
    deps:
    - path: data/raw
      hash: md5
      md5: ed7dbcbdabddccca552e276f80fa29ad.dir
      size: 120753872
      nfiles: 3
    - path: src/steps/prepare.py
      hash: md5
      md5: bcff259273b8b6a9e2a7e3f4cad9de0e
      size: 6501
    outs:
    - path: data/prepared
      hash: md5
      md5: 54eba0446447c95d2ee5e7f6f0c58eec.dir
      size: 44168372
      nfiles: 1
  train:
    cmd: python src/steps/train.py data/split/train.csv data/split/test.csv
    deps:
    - path: data/split/test.csv
      hash: md5
      md5: b4dfd8b773bc7e09d7be272008430fe5
      size: 1719180
    - path: data/split/train.csv
      hash: md5
      md5: f8e0298409f59e83ec3bdb7b7e11be86
      size: 4009844
    - path: src/steps/train.py
      hash: md5
      md5: a220ec21e1cd9b84738b11365a282087
      size: 1115
    outs:
    - path: data/models
      hash: md5
      md5: 3a9262818845534053e4632ce486a529.dir
      size: 12008
      nfiles: 1
  evaluate:
    cmd: python src/steps/evaluate.py data/split/test.csv
    deps:
    - path: data/models
      hash: md5
      md5: 3a9262818845534053e4632ce486a529.dir
      size: 12008
      nfiles: 1
    - path: data/split/test.csv
      hash: md5
      md5: b4dfd8b773bc7e09d7be272008430fe5
      size: 1719180
    - path: src/steps/evaluate.py
      hash: md5
      md5: 09b158f19d5ca5a1dea97cfa13136dff
      size: 1425
    outs:
    - path: data/eval/metrics.json
      hash: md5
      md5: 16066e43f081b38f3abc0bc1eb8b9157
      size: 95
  split:
    cmd: python src/steps/split.py data/prepared/ data/split
    deps:
    - path: data/prepared
      hash: md5
      md5: 54eba0446447c95d2ee5e7f6f0c58eec.dir
      size: 44168372
      nfiles: 1
    - path: src/steps/prepare.py
      hash: md5
      md5: bcff259273b8b6a9e2a7e3f4cad9de0e
      size: 6501
    outs:
    - path: data/split
      hash: md5
      md5: 0eb6372ca3db6d364bd2a0715bb83b68.dir
      size: 5729150
      nfiles: 3
