schema: '2.0'
stages:
  prepare:
    cmd: python src/steps/prepare.py data/raw/ data/split
    deps:
    - path: data/raw
      hash: md5
      md5: ed7dbcbdabddccca552e276f80fa29ad.dir
      size: 120753872
      nfiles: 3
    - path: src/steps/prepare.py
      hash: md5
      md5: 8bcd4599bea280a3d0ad3537fda303cd
      size: 7142
    outs:
    - path: data/split
      hash: md5
      md5: a78292abd8ae668ab057d7f8bfb18892.dir
      size: 88336996
      nfiles: 4
  train:
    cmd: python src/steps/train.py data/split/train.csv data/split/test.csv
    deps:
    - path: data/split/test.csv
      hash: md5
      md5: fff019450dc23925d5d4d116b57f34df
      size: 13247918
    - path: data/split/train.csv
      hash: md5
      md5: 2f0843eea555dbe6ba51aaafadff10e1
      size: 30920580
    - path: src/steps/train.py
      hash: md5
      md5: 7879bdf6336c5c470a819191d5ce3f5c
      size: 639
    outs:
    - path: data/models
      hash: md5
      md5: dfc51010a6b7461750c8ebcf1dc96919.dir
      size: 2473628
      nfiles: 1
  evaluate:
    cmd: python src/steps/evaluate.py data/split/test.csv
    deps:
    - path: data/models
      hash: md5
      md5: dfc51010a6b7461750c8ebcf1dc96919.dir
      size: 2473628
      nfiles: 1
    - path: data/split/test.csv
      hash: md5
      md5: fff019450dc23925d5d4d116b57f34df
      size: 13247918
    - path: src/steps/evaluate.py
      hash: md5
      md5: e5a657dcf07a3ec8c248fb07c547f5ae
      size: 1368
    outs:
    - path: data/eval/metrics.json
      hash: md5
      md5: 5072b12aea2a94b2b2322497386797e6
      size: 89
